# This file was autogenerated by Stack.
# You should not edit this file by hand.
# For more information, please see the documentation at:
#   https://docs.haskellstack.org/en/stable/lock_files

packages: []
snapshots:
- completed:
    size: 513207
    url: https://raw.githubusercontent.com/commercialhaskell/stackage-snapshots/master/nightly/2020/4/18.yaml
    sha256: 4a5cabc1856fdcb16da22374500213ccb850d608eadbe8130ff66de4614a66ff
  original: nightly-2020-04-18
